
Microsoft Visual Studio Solution File, Format Version 12.00
Project("{FAE04EC0-301F-11D3-BF4B-00C04F79EFBC}") = "KorkiCorgi", "KorkiCorgi\KorkiCorgi.csproj", "{F6E915FC-C083-4823-B8C4-C89C023AAFCE}"
EndProject
Global
	GlobalSection(SolutionConfigurationPlatforms) = preSolution
		Debug|Any CPU = Debug|Any CPU
		Release|Any CPU = Release|Any CPU
	EndGlobalSection
	GlobalSection(ProjectConfigurationPlatforms) = postSolution
		{F6E915FC-C083-4823-B8C4-C89C023AAFCE}.Debug|Any CPU.ActiveCfg = Debug|Any CPU
		{F6E915FC-C083-4823-B8C4-C89C023AAFCE}.Debug|Any CPU.Build.0 = Debug|Any CPU
		{F6E915FC-C083-4823-B8C4-C89C023AAFCE}.Release|Any CPU.ActiveCfg = Release|Any CPU
		{F6E915FC-C083-4823-B8C4-C89C023AAFCE}.Release|Any CPU.Build.0 = Release|Any CPU
	EndGlobalSection
EndGlobal
